<?xml version="1.0" encoding="utf-8"?>
<Project ToolsVersion="4.0" xmlns="http://schemas.microsoft.com/developer/msbuild/2003">
  <ItemGroup>
    <Filter Include="Source Files">
      <UniqueIdentifier>{4FC737F1-C7A5-4376-A066-2A32D752A2FF}</UniqueIdentifier>
      <Extensions>cpp;c;cc;cxx;c++;cppm;ixx;def;odl;idl;hpj;bat;asm;asmx</Extensions>
    </Filter>
    <Filter Include="Header Files">
      <UniqueIdentifier>{93995380-89BD-4b04-88EB-625FBE52EBFB}</UniqueIdentifier>
      <Extensions>h;hh;hpp;hxx;h++;hm;inl;inc;ipp;xsd</Extensions>
    </Filter>
    <Filter Include="Resource Files">
      <UniqueIdentifier>{67DA6AB6-F800-4c08-8B7A-83BB121AAD01}</UniqueIdentifier>
      <Extensions>rc;ico;cur;bmp;dlg;rc2;rct;bin;rgs;gif;jpg;jpeg;jpe;resx;tiff;tif;png;wav;mfcribbon-ms</Extensions>
    </Filter>
    <Filter Include="Source Files\shaders">
      <UniqueIdentifier>{f4794059-01ce-49f3-b1ab-cd36d341f286}</UniqueIdentifier>
    </Filter>
  </ItemGroup>
  <ItemGroup>
    <ClCompile Include="main.cpp">
      <Filter>Source Files</Filter>
    </ClCompile>
    <ClCompile Include="..\..\..\..\..\source\repos\Opengl-get-started\Opengl-get-started\glad.c">
      <Filter>Source Files</Filter>
    </ClCompile>
    <ClCompile Include="stb_image.cpp">
      <Filter>Source Files</Filter>
    </ClCompile>
    <ClCompile Include="ownHeaderFiles\model\Model.cpp">
      <Filter>Source Files</Filter>
    </ClCompile>
    <ClCompile Include="ownHeaderFiles\mesh\Mesh.cpp">
      <Filter>Source Files</Filter>
    </ClCompile>
  </ItemGroup>
  <ItemGroup>
    <ClInclude Include="ownHeaderFiles\ShaderProgram\shaderClass.h">
      <Filter>Header Files</Filter>
    </ClInclude>
    <ClInclude Include="stb_image.h">
      <Filter>Header Files</Filter>
    </ClInclude>
    <ClInclude Include="ownHeaderFiles\camera\camera.h">
      <Filter>Header Files</Filter>
    </ClInclude>
    <ClInclude Include="LearnOpenGLSource\SourceCodeModel.h">
      <Filter>Header Files</Filter>
    </ClInclude>
    <ClInclude Include="LearnOpenGLSource\SourceCodeMesh.h">
      <Filter>Header Files</Filter>
    </ClInclude>
    <ClInclude Include="LearnOpenGLSource\SourceCodeShader.h">
      <Filter>Header Files</Filter>
    </ClInclude>
    <ClInclude Include="ownHeaderFiles\mesh\Mesh.h">
      <Filter>Header Files</Filter>
    </ClInclude>
    <ClInclude Include="ownHeaderFiles\model\Model.h">
      <Filter>Header Files</Filter>
    </ClInclude>
  </ItemGroup>
  <ItemGroup>
    <None Include="shaders\Lighting\shaderVertexLighting.glsl">
      <Filter>Source Files\shaders</Filter>
    </None>
    <None Include="shaders\Lighting\shaderFragmentLighting.glsl">
      <Filter>Source Files\shaders</Filter>
    </None>
    <None Include="shaders\Lighting\lightSourceShaderFragment.glsl" />
    <None Include="shaders\DepthTest\shaderFragmentDepth.glsl" />
    <None Include="models\backpack.mtl" />
    <None Include="models\backpack.zip" />
    <None Include="assimp-vc143-mt.dll" />
    <None Include="assimp-vc143-mtd.dll" />
    <None Include="shaders\DepthTest\shaderVertex.glsl" />
    <None Include="shaders\stencilTest\shaderFragmentSingleColor.glsl" />
    <None Include="shaders\stencilTest\shaderVertex.glsl" />
    <None Include="shaders\stencilTest\shaderFragment.glsl" />
    <None Include="shaders\Blending\shaderFragment.glsl" />
    <None Include="shaders\Blending\shaderVertex.glsl" />
    <None Include="shaders\Framebuffers\shaderFragment.glsl" />
    <None Include="shaders\Framebuffers\shaderVertex.glsl" />
    <None Include="shaders\CubeMap\shaderFragment.glsl" />
    <None Include="shaders\CubeMap\shaderVertex.glsl" />
    <None Include="shaders\UniformBlocks\shaders1\shaderFragment.glsl" />
    <None Include="shaders\UniformBlocks\shaders1\shaderVertex.glsl" />
    <None Include="shaders\UniformBlocks\shaders2\shaderFragment.glsl" />
    <None Include="shaders\UniformBlocks\shaders3\shaderFragment.glsl" />
    <None Include="shaders\UniformBlocks\shaders4\shaderFragment.glsl" />
    <None Include="shaders\GeometryShader\shaderFragment.glsl" />
    <None Include="shaders\GeometryShader\shaderGeometry.glsl" />
    <None Include="shaders\GeometryShader\shaderVertex.glsl" />
    <None Include="shaders\3DmodelLoadSimple\shaderFragment.glsl" />
    <None Include="shaders\3DmodelLoadSimple\shaderGeometry.glsl" />
    <None Include="shaders\3DmodelLoadSimple\shaderVertex.glsl" />
  </ItemGroup>
  <ItemGroup>
    <Image Include="textures\wall.jpg">
      <Filter>Resource Files</Filter>
    </Image>
    <Image Include="textures\container.jpg">
      <Filter>Resource Files</Filter>
    </Image>
    <Image Include="textures\container2.png">
      <Filter>Resource Files</Filter>
    </Image>
    <Image Include="textures\container2_specular.png">
      <Filter>Resource Files</Filter>
    </Image>
    <Image Include="textures\matrix.jpg">
      <Filter>Resource Files</Filter>
    </Image>
    <Image Include="models\ao.jpg">
      <Filter>Resource Files</Filter>
    </Image>
    <Image Include="models\diffuse.jpg">
      <Filter>Resource Files</Filter>
    </Image>
    <Image Include="models\normal.png">
      <Filter>Resource Files</Filter>
    </Image>
    <Image Include="models\roughness.jpg">
      <Filter>Resource Files</Filter>
    </Image>
    <Image Include="models\specular.jpg">
      <Filter>Resource Files</Filter>
    </Image>
    <Image Include="textures\marble.jpg">
      <Filter>Resource Files</Filter>
    </Image>
    <Image Include="textures\metal.jpeg">
      <Filter>Resource Files</Filter>
    </Image>
    <Image Include="textures\grass.png">
      <Filter>Resource Files</Filter>
    </Image>
    <Image Include="textures\blending_transparent_window.png">
      <Filter>Resource Files</Filter>
    </Image>
    <Image Include="textures\skybox\back.jpg">
      <Filter>Resource Files</Filter>
    </Image>
    <Image Include="textures\skybox\bottom.jpg">
      <Filter>Resource Files</Filter>
    </Image>
    <Image Include="textures\skybox\front.jpg">
      <Filter>Resource Files</Filter>
    </Image>
    <Image Include="textures\skybox\left.jpg">
      <Filter>Resource Files</Filter>
    </Image>
    <Image Include="textures\skybox\right.jpg">
      <Filter>Resource Files</Filter>
    </Image>
    <Image Include="textures\skybox\top.jpg">
      <Filter>Resource Files</Filter>
    </Image>
  </ItemGroup>
  <ItemGroup>
    <Text Include="models\source_attribution.txt" />
  </ItemGroup>
  <ItemGroup>
    <Object Include="models\backpack.obj" />
  </ItemGroup>
</Project>